<?xml version="1.0" encoding="UTF-8" standalone="yes" ?>
<CodeBlocks_project_file>
	<FileVersion major="1" minor="6" />
	<Project>
		<Option title="xml_code_generator" />
		<Option pch_mode="2" />
		<Option compiler="gcc" />
		<Build>
			<Target title="Debug">
				<Option output="bin/Debug/xml_code_generator" prefix_auto="1" extension_auto="1" />
				<Option object_output="obj/Debug/" />
				<Option type="1" />
				<Option compiler="gcc" />
				<Option parameters="C:\project\xml_parser_in_c\example\shiporder1\xml\shiporder3.xsd" />
				<Compiler>
					<Add option="-g" />
				</Compiler>
			</Target>
			<Target title="Release">
				<Option output="bin/Release/xml_code_generator" prefix_auto="1" extension_auto="1" />
				<Option object_output="obj/Release/" />
				<Option type="1" />
				<Option compiler="gcc" />
				<Compiler>
					<Add option="-flto" />
					<Add option="-O3" />
					<Add option="-std=c17" />
				</Compiler>
				<Linker>
					<Add option="-O3" />
					<Add option="-flto" />
					<Add option="-s" />
				</Linker>
			</Target>
		</Build>
		<Compiler>
			<Add option="-Wshadow" />
			<Add option="-Winit-self" />
			<Add option="-Wredundant-decls" />
			<Add option="-Wcast-align" />
			<Add option="-Wfloat-equal" />
			<Add option="-Wunreachable-code" />
			<Add option="-Wmissing-include-dirs" />
			<Add option="-Wmain" />
			<Add option="-Wall" />
			<Add option="-std=c17" />
			<Add option='-DXML_PARSER_CONTEXT=&quot;1&quot;' />
			<Add option='-DXML_PARSER_CALLBACK=&quot;1&quot;' />
			<Add directory="../../src/includes" />
			<Add directory="../../src/xml_parser/src" />
			<Add directory="../../src/includes/util" />
		</Compiler>
		<ExtraCommands>
			<Add after='cmd /c copy &quot;$(PROJECT_DIR)$(TARGET_OUTPUT_FILE)&quot; &quot;$(PROJECT_DIR)/../../src/xml_parser/tool/' />
		</ExtraCommands>
		<Unit filename="../../src/apps/code_generator.c">
			<Option compilerVar="CC" />
		</Unit>
		<Unit filename="../../src/apps/code_generator.h" />
		<Unit filename="../../src/apps/elements/xs_attribute.c">
			<Option compilerVar="CC" />
		</Unit>
		<Unit filename="../../src/apps/elements/xs_attribute.h" />
		<Unit filename="../../src/apps/elements/xs_choice.c">
			<Option compilerVar="CC" />
		</Unit>
		<Unit filename="../../src/apps/elements/xs_choice.h" />
		<Unit filename="../../src/apps/elements/xs_complex_type.c">
			<Option compilerVar="CC" />
		</Unit>
		<Unit filename="../../src/apps/elements/xs_complex_type.h" />
		<Unit filename="../../src/apps/elements/xs_element.c">
			<Option compilerVar="CC" />
		</Unit>
		<Unit filename="../../src/apps/elements/xs_element.h" />
		<Unit filename="../../src/apps/elements/xs_extension.c">
			<Option compilerVar="CC" />
		</Unit>
		<Unit filename="../../src/apps/elements/xs_extension.h" />
		<Unit filename="../../src/apps/elements/xs_facet.c">
			<Option compilerVar="CC" />
		</Unit>
		<Unit filename="../../src/apps/elements/xs_facet.h" />
		<Unit filename="../../src/apps/elements/xs_restriction.c">
			<Option compilerVar="CC" />
		</Unit>
		<Unit filename="../../src/apps/elements/xs_restriction.h" />
		<Unit filename="../../src/apps/elements/xs_schema.c">
			<Option compilerVar="CC" />
		</Unit>
		<Unit filename="../../src/apps/elements/xs_schema.h" />
		<Unit filename="../../src/apps/elements/xs_sequence.c">
			<Option compilerVar="CC" />
		</Unit>
		<Unit filename="../../src/apps/elements/xs_sequence.h" />
		<Unit filename="../../src/apps/elements/xs_simple_content.c">
			<Option compilerVar="CC" />
		</Unit>
		<Unit filename="../../src/apps/elements/xs_simple_content.h" />
		<Unit filename="../../src/apps/elements/xs_simple_type.c">
			<Option compilerVar="CC" />
		</Unit>
		<Unit filename="../../src/apps/elements/xs_simple_type.h" />
		<Unit filename="../../src/apps/elements/xs_type.h" />
		<Unit filename="../../src/apps/list.c">
			<Option compilerVar="CC" />
		</Unit>
		<Unit filename="../../src/apps/main.c">
			<Option compilerVar="CC" />
		</Unit>
		<Unit filename="../../src/apps/tree.c">
			<Option compilerVar="CC" />
		</Unit>
		<Unit filename="../../src/apps/xs_data_type.c">
			<Option compilerVar="CC" />
		</Unit>
		<Unit filename="../../src/apps/xsd.c">
			<Option compilerVar="CC" />
		</Unit>
		<Unit filename="../../src/includes/apps/list.h" />
		<Unit filename="../../src/includes/apps/tree.h" />
		<Unit filename="../../src/includes/apps/xs_data_type.h" />
		<Unit filename="../../src/includes/apps/xsd.h" />
		<Unit filename="../../src/includes/util/cargs.h" />
		<Unit filename="../../src/includes/util/util.h" />
		<Unit filename="../../src/util/cargs.c">
			<Option compilerVar="CC" />
		</Unit>
		<Unit filename="../../src/util/util.c">
			<Option compilerVar="CC" />
		</Unit>
		<Unit filename="../../src/xml_parser/src/parse_xml.c">
			<Option compilerVar="CC" />
		</Unit>
		<Unit filename="../../src/xml_parser/src/parse_xml.h" />
		<Unit filename="../../src/xml_parser/src/xml_content.c">
			<Option compilerVar="CC" />
		</Unit>
		<Unit filename="../../src/xml_parser/src/xml_content.h" />
		<Extensions>
			<DoxyBlocks>
				<comment_style block="0" line="1" />
				<doxyfile_project />
				<doxyfile_build extract_all="1" />
				<doxyfile_warnings warn_if_undocumented="1" />
				<doxyfile_output />
				<doxyfile_dot />
				<general />
			</DoxyBlocks>
			<lib_finder disable_auto="1" />
		</Extensions>
	</Project>
</CodeBlocks_project_file>
