<?xml version="1.0" encoding="UTF-8" standalone="yes" ?>
<CodeBlocks_project_file>
	<FileVersion major="1" minor="6" />
	<Project>
		<Option title="xml_code_generator" />
		<Option pch_mode="2" />
		<Option compiler="gcc" />
		<Build>
			<Target title="Debug">
				<Option output="bin/Debug/xml_code_generator" prefix_auto="1" extension_auto="1" />
				<Option object_output="obj/Debug/" />
				<Option type="1" />
				<Option compiler="gcc" />
				<Option parameters="C:\project\xml_code_generator\xsd\shiporder1.xsd" />
				<Compiler>
					<Add option="-g" />
				</Compiler>
			</Target>
			<Target title="Release">
				<Option output="bin/Release/xml_code_generator" prefix_auto="1" extension_auto="1" />
				<Option object_output="obj/Release/" />
				<Option type="1" />
				<Option compiler="gcc" />
				<Compiler>
					<Add option="-O2" />
				</Compiler>
				<Linker>
					<Add option="-s" />
				</Linker>
			</Target>
		</Build>
		<Compiler>
			<Add option="-Wall" />
			<Add directory="../../src/includes" />
		</Compiler>
		<Unit filename="../../src/apps/code_generator.c">
			<Option compilerVar="CC" />
		</Unit>
		<Unit filename="../../src/apps/code_generator.h" />
		<Unit filename="../../src/apps/elements/xs_attribute.c">
			<Option compilerVar="CC" />
		</Unit>
		<Unit filename="../../src/apps/elements/xs_attribute.h" />
		<Unit filename="../../src/apps/elements/xs_complex_type.c">
			<Option compilerVar="CC" />
		</Unit>
		<Unit filename="../../src/apps/elements/xs_complex_type.h" />
		<Unit filename="../../src/apps/elements/xs_element.c">
			<Option compilerVar="CC" />
		</Unit>
		<Unit filename="../../src/apps/elements/xs_element.h" />
		<Unit filename="../../src/apps/elements/xs_extension.c">
			<Option compilerVar="CC" />
		</Unit>
		<Unit filename="../../src/apps/elements/xs_extension.h" />
		<Unit filename="../../src/apps/elements/xs_facet.c">
			<Option compilerVar="CC" />
		</Unit>
		<Unit filename="../../src/apps/elements/xs_facet.h" />
		<Unit filename="../../src/apps/elements/xs_restriction.c">
			<Option compilerVar="CC" />
		</Unit>
		<Unit filename="../../src/apps/elements/xs_restriction.h" />
		<Unit filename="../../src/apps/elements/xs_schema.c">
			<Option compilerVar="CC" />
		</Unit>
		<Unit filename="../../src/apps/elements/xs_schema.h" />
		<Unit filename="../../src/apps/elements/xs_sequence.c">
			<Option compilerVar="CC" />
		</Unit>
		<Unit filename="../../src/apps/elements/xs_sequence.h" />
		<Unit filename="../../src/apps/elements/xs_simple_content.c">
			<Option compilerVar="CC" />
		</Unit>
		<Unit filename="../../src/apps/elements/xs_simple_content.h" />
		<Unit filename="../../src/apps/elements/xs_simple_type.c">
			<Option compilerVar="CC" />
		</Unit>
		<Unit filename="../../src/apps/elements/xs_simple_type.h" />
		<Unit filename="../../src/apps/elements/xs_type.h" />
		<Unit filename="../../src/apps/list.c">
			<Option compilerVar="CC" />
		</Unit>
		<Unit filename="../../src/apps/main.c">
			<Option compilerVar="CC" />
		</Unit>
		<Unit filename="../../src/apps/tree.c">
			<Option compilerVar="CC" />
		</Unit>
		<Unit filename="../../src/apps/xs_data_type.c">
			<Option compilerVar="CC" />
		</Unit>
		<Unit filename="../../src/apps/xsd.c">
			<Option compilerVar="CC" />
		</Unit>
		<Unit filename="../../src/includes/apps/list.h" />
		<Unit filename="../../src/includes/apps/tree.h" />
		<Unit filename="../../src/includes/apps/xs_data_type.h" />
		<Unit filename="../../src/includes/apps/xsd.h" />
		<Unit filename="../../src/includes/common.h" />
		<Unit filename="../../src/includes/libs/parse_xml.h" />
		<Unit filename="../../src/includes/libs/xml_content.h" />
		<Unit filename="../../src/includes/util/util.h" />
		<Unit filename="../../src/libs/parse_xml.c">
			<Option compilerVar="CC" />
		</Unit>
		<Unit filename="../../src/libs/xml_content.c">
			<Option compilerVar="CC" />
		</Unit>
		<Unit filename="../../src/util/util.c">
			<Option compilerVar="CC" />
		</Unit>
		<Unit filename="../../xsd/shiporder.xml" />
		<Unit filename="../../xsd/shiporder1.xsd" />
		<Unit filename="../../xsd/shiporder2.xsd" />
		<Unit filename="../../xsd/shiporder3.xsd" />
		<Extensions>
			<lib_finder disable_auto="1" />
		</Extensions>
	</Project>
</CodeBlocks_project_file>
